# This file was autogenerated by Stack.
# You should not edit this file by hand.
# For more information, please see the documentation at:
#   https://docs.haskellstack.org/en/stable/lock_files

packages:
- completed:
    name: haskell-src-exts
    pantry-tree:
      sha256: e26829b78cb5dc33d91084ef0a630bbc446d300bbe4b274e129bfc05246ad392
      size: 101764
    sha256: 5445f02d3dc4cb20464dd8b2d7960214536219ca8be7edea800d086271b0fc90
    size: 1264252
    url: https://github.com/yudaitnb/vl-haskell-src-exts/archive/d3591d04110e7c79ac5a42740f3b65935b3b1ae6.tar.gz
    version: 1.23.1
  original:
    url: https://github.com/yudaitnb/vl-haskell-src-exts/archive/d3591d04110e7c79ac5a42740f3b65935b3b1ae6.tar.gz
- completed:
    name: haskell-names
    pantry-tree:
      sha256: 6fefaf6f98cc4de30222ce306301afeb7b4cb9827758ccb1340e83d14533ca71
      size: 28820
    sha256: dc818be2e5c98e3df007f42f8166bdc7ea739ae84d2f90c9e28b782b8d217468
    size: 651352
    url: https://github.com/yudaitnb/vl-haskell-names/archive/c8c5504900b45379d98eeeaf4d1ca30cfa187470.tar.gz
    version: 0.9.9
  original:
    url: https://github.com/yudaitnb/vl-haskell-names/archive/c8c5504900b45379d98eeeaf4d1ca30cfa187470.tar.gz
snapshots:
- completed:
    sha256: 895204e9116cba1f32047525ec5bad7423216587706e5df044c4a7c191a5d8cb
    size: 644482
    url: https://raw.githubusercontent.com/commercialhaskell/stackage-snapshots/master/nightly/2022/10/18.yaml
  original: nightly-2022-10-18
